// !$*UTF8*$!
{
	archiveVersion = 1;
	classes = {
	};
	objectVersion = 56;
	objects = {

/* Begin PBXBuildFile section */
		9975E1E72B9739FB00FED600 /* AppDelegate.swift in Sources */ = {isa = PBXBuildFile; fileRef = 9975E1E62B9739FB00FED600 /* AppDelegate.swift */; };
		9975E1E92B9739FC00FED600 /* SceneDelegate.swift in Sources */ = {isa = PBXBuildFile; fileRef = 9975E1E82B9739FC00FED600 /* SceneDelegate.swift */; };
		9975E1F02B9739FF00FED600 /* Assets.xcassets in Resources */ = {isa = PBXBuildFile; fileRef = 9975E1EF2B9739FF00FED600 /* Assets.xcassets */; };
		9975E1F32B9739FF00FED600 /* LaunchScreen.storyboard in Resources */ = {isa = PBXBuildFile; fileRef = 9975E1F12B9739FF00FED600 /* LaunchScreen.storyboard */; };
		9975E1FE2B9739FF00FED600 /* AppCoordinatorTests.swift in Sources */ = {isa = PBXBuildFile; fileRef = 9975E1FD2B9739FF00FED600 /* AppCoordinatorTests.swift */; };
		9975E2172B97406A00FED600 /* Coordinator.swift in Sources */ = {isa = PBXBuildFile; fileRef = 9975E2162B97406A00FED600 /* Coordinator.swift */; };
		9975E21A2B97417A00FED600 /* AppCoordinator.swift in Sources */ = {isa = PBXBuildFile; fileRef = 9975E2192B97417A00FED600 /* AppCoordinator.swift */; };
		9975E21F2B97714B00FED600 /* SearchCoordinator.swift in Sources */ = {isa = PBXBuildFile; fileRef = 9975E21E2B97714B00FED600 /* SearchCoordinator.swift */; };
		9975E2212B9772C700FED600 /* SearchViewController.swift in Sources */ = {isa = PBXBuildFile; fileRef = 9975E2202B9772C700FED600 /* SearchViewController.swift */; };
		9975E2232B97732800FED600 /* SearchViewModel.swift in Sources */ = {isa = PBXBuildFile; fileRef = 9975E2222B97732800FED600 /* SearchViewModel.swift */; };
		9975E2252B97C3AF00FED600 /* SearchViewModelTest.swift in Sources */ = {isa = PBXBuildFile; fileRef = 9975E2242B97C3AF00FED600 /* SearchViewModelTest.swift */; };
		9975E2282B97C50C00FED600 /* Nimble in Frameworks */ = {isa = PBXBuildFile; productRef = 9975E2272B97C50C00FED600 /* Nimble */; };
		9975E22A2B98636500FED600 /* WeatherService.swift in Sources */ = {isa = PBXBuildFile; fileRef = 9975E2292B98636500FED600 /* WeatherService.swift */; };
		9975E22C2B98648600FED600 /* LocationInfo.swift in Sources */ = {isa = PBXBuildFile; fileRef = 9975E22B2B98648600FED600 /* LocationInfo.swift */; };
		9975E22E2B986A2600FED600 /* WeatherRepositoryTests.swift in Sources */ = {isa = PBXBuildFile; fileRef = 9975E22D2B986A2600FED600 /* WeatherRepositoryTests.swift */; };
		9975E2302B986BF100FED600 /* APIRequestService.swift in Sources */ = {isa = PBXBuildFile; fileRef = 9975E22F2B986BF000FED600 /* APIRequestService.swift */; };
		9975E2382B9884B600FED600 /* WeatherServiceIntegrationTest.swift in Sources */ = {isa = PBXBuildFile; fileRef = 9975E2372B9884B600FED600 /* WeatherServiceIntegrationTest.swift */; };
		9975E2402B9884F400FED600 /* Nimble in Frameworks */ = {isa = PBXBuildFile; productRef = 9975E23F2B9884F400FED600 /* Nimble */; };
		9975E2422B9891EA00FED600 /* AppMainModule.swift in Sources */ = {isa = PBXBuildFile; fileRef = 9975E2412B9891EA00FED600 /* AppMainModule.swift */; };
		9975E2442B98927800FED600 /* WeatherRepository.swift in Sources */ = {isa = PBXBuildFile; fileRef = 9975E2432B98927800FED600 /* WeatherRepository.swift */; };
		9975E2462B98969200FED600 /* CoreTests.swift in Sources */ = {isa = PBXBuildFile; fileRef = 9975E2452B98969200FED600 /* CoreTests.swift */; };
		9975E2482B98BE1400FED600 /* CityCell.swift in Sources */ = {isa = PBXBuildFile; fileRef = 9975E2472B98BE1400FED600 /* CityCell.swift */; };
		9975E24C2B98DDE000FED600 /* WeatherServiceMock.swift in Sources */ = {isa = PBXBuildFile; fileRef = 9975E24B2B98DDE000FED600 /* WeatherServiceMock.swift */; };
		9975E24F2B99F1AC00FED600 /* DetailsCoordinator.swift in Sources */ = {isa = PBXBuildFile; fileRef = 9975E24E2B99F1AC00FED600 /* DetailsCoordinator.swift */; };
		9975E2512B99F4C700FED600 /* DetailsViewController.swift in Sources */ = {isa = PBXBuildFile; fileRef = 9975E2502B99F4C600FED600 /* DetailsViewController.swift */; };
		9975E2532B99F51200FED600 /* DetailsViewModel.swift in Sources */ = {isa = PBXBuildFile; fileRef = 9975E2522B99F51200FED600 /* DetailsViewModel.swift */; };
		9975E2552B9A078300FED600 /* SearchViewModelSpy.swift in Sources */ = {isa = PBXBuildFile; fileRef = 9975E2542B9A078300FED600 /* SearchViewModelSpy.swift */; };
		9975E2572B9A1B5200FED600 /* WeatherInfo.swift in Sources */ = {isa = PBXBuildFile; fileRef = 9975E2562B9A1B5200FED600 /* WeatherInfo.swift */; };
		9975E2582B9A21CB00FED600 /* CoreTests.swift in Sources */ = {isa = PBXBuildFile; fileRef = 9975E2452B98969200FED600 /* CoreTests.swift */; };
		9975E25B2B9A2A9100FED600 /* weather_info.json in Resources */ = {isa = PBXBuildFile; fileRef = 9975E25A2B9A2A9100FED600 /* weather_info.json */; };
		9975E25D2B9A316B00FED600 /* DetailsViewModelTests.swift in Sources */ = {isa = PBXBuildFile; fileRef = 9975E25C2B9A316B00FED600 /* DetailsViewModelTests.swift */; };
		9975E2612B9A3F6000FED600 /* DetailsViewModelSpy.swift in Sources */ = {isa = PBXBuildFile; fileRef = 9975E2602B9A3F6000FED600 /* DetailsViewModelSpy.swift */; };
		9975E2642B9B099300FED600 /* UIColor+intValue.swift in Sources */ = {isa = PBXBuildFile; fileRef = 9975E2632B9B099300FED600 /* UIColor+intValue.swift */; };
		9975E2672B9B17C000FED600 /* NoResultLabel.swift in Sources */ = {isa = PBXBuildFile; fileRef = 9975E2662B9B17C000FED600 /* NoResultLabel.swift */; };
		9975E2692B9B1DA000FED600 /* Localizable.xcstrings in Resources */ = {isa = PBXBuildFile; fileRef = 9975E2682B9B1DA000FED600 /* Localizable.xcstrings */; };
		9975E26B2B9B5DE100FED600 /* IconImageDownloader.swift in Sources */ = {isa = PBXBuildFile; fileRef = 9975E26A2B9B5DE100FED600 /* IconImageDownloader.swift */; };
		9975E26D2B9B6A1500FED600 /* IconImageDownloaderTests.swift in Sources */ = {isa = PBXBuildFile; fileRef = 9975E26C2B9B6A1500FED600 /* IconImageDownloaderTests.swift */; };
		9975E26F2B9B851100FED600 /* SearchHistoryStorageTests.swift in Sources */ = {isa = PBXBuildFile; fileRef = 9975E26E2B9B851100FED600 /* SearchHistoryStorageTests.swift */; };
		9975E2712B9B8C5E00FED600 /* SearchHistoryStorage.swift in Sources */ = {isa = PBXBuildFile; fileRef = 9975E2702B9B8C5E00FED600 /* SearchHistoryStorage.swift */; };
		9975E2732B9EF3E900FED600 /* UserDefaultsStorageMock.swift in Sources */ = {isa = PBXBuildFile; fileRef = 9975E2722B9EF3E900FED600 /* UserDefaultsStorageMock.swift */; };
/* End PBXBuildFile section */

/* Begin PBXContainerItemProxy section */
		9975E1FA2B9739FF00FED600 /* PBXContainerItemProxy */ = {
			isa = PBXContainerItemProxy;
			containerPortal = 9975E1DB2B9739FB00FED600 /* Project object */;
			proxyType = 1;
			remoteGlobalIDString = 9975E1E22B9739FB00FED600;
			remoteInfo = Pogodynka;
		};
		9975E2392B9884B600FED600 /* PBXContainerItemProxy */ = {
			isa = PBXContainerItemProxy;
			containerPortal = 9975E1DB2B9739FB00FED600 /* Project object */;
			proxyType = 1;
			remoteGlobalIDString = 9975E1E22B9739FB00FED600;
			remoteInfo = Pogodynka;
		};
/* End PBXContainerItemProxy section */

/* Begin PBXFileReference section */
		9975E1E32B9739FB00FED600 /* Pogodynka.app */ = {isa = PBXFileReference; explicitFileType = wrapper.application; includeInIndex = 0; path = Pogodynka.app; sourceTree = BUILT_PRODUCTS_DIR; };
		9975E1E62B9739FB00FED600 /* AppDelegate.swift */ = {isa = PBXFileReference; lastKnownFileType = sourcecode.swift; path = AppDelegate.swift; sourceTree = "<group>"; };
		9975E1E82B9739FC00FED600 /* SceneDelegate.swift */ = {isa = PBXFileReference; lastKnownFileType = sourcecode.swift; path = SceneDelegate.swift; sourceTree = "<group>"; };
		9975E1EF2B9739FF00FED600 /* Assets.xcassets */ = {isa = PBXFileReference; lastKnownFileType = folder.assetcatalog; path = Assets.xcassets; sourceTree = "<group>"; };
		9975E1F22B9739FF00FED600 /* Base */ = {isa = PBXFileReference; lastKnownFileType = file.storyboard; name = Base; path = Base.lproj/LaunchScreen.storyboard; sourceTree = "<group>"; };
		9975E1F42B9739FF00FED600 /* Info.plist */ = {isa = PBXFileReference; lastKnownFileType = text.plist.xml; path = Info.plist; sourceTree = "<group>"; };
		9975E1F92B9739FF00FED600 /* PogodynkaTests.xctest */ = {isa = PBXFileReference; explicitFileType = wrapper.cfbundle; includeInIndex = 0; path = PogodynkaTests.xctest; sourceTree = BUILT_PRODUCTS_DIR; };
		9975E1FD2B9739FF00FED600 /* AppCoordinatorTests.swift */ = {isa = PBXFileReference; lastKnownFileType = sourcecode.swift; path = AppCoordinatorTests.swift; sourceTree = "<group>"; };
		9975E2162B97406A00FED600 /* Coordinator.swift */ = {isa = PBXFileReference; lastKnownFileType = sourcecode.swift; path = Coordinator.swift; sourceTree = "<group>"; };
		9975E2192B97417A00FED600 /* AppCoordinator.swift */ = {isa = PBXFileReference; lastKnownFileType = sourcecode.swift; path = AppCoordinator.swift; sourceTree = "<group>"; };
		9975E21E2B97714B00FED600 /* SearchCoordinator.swift */ = {isa = PBXFileReference; lastKnownFileType = sourcecode.swift; path = SearchCoordinator.swift; sourceTree = "<group>"; };
		9975E2202B9772C700FED600 /* SearchViewController.swift */ = {isa = PBXFileReference; lastKnownFileType = sourcecode.swift; path = SearchViewController.swift; sourceTree = "<group>"; };
		9975E2222B97732800FED600 /* SearchViewModel.swift */ = {isa = PBXFileReference; lastKnownFileType = sourcecode.swift; path = SearchViewModel.swift; sourceTree = "<group>"; };
		9975E2242B97C3AF00FED600 /* SearchViewModelTest.swift */ = {isa = PBXFileReference; lastKnownFileType = sourcecode.swift; name = SearchViewModelTest.swift; path = PogodynkaTests/SearchViewModelTest.swift; sourceTree = SOURCE_ROOT; };
		9975E2292B98636500FED600 /* WeatherService.swift */ = {isa = PBXFileReference; lastKnownFileType = sourcecode.swift; path = WeatherService.swift; sourceTree = "<group>"; };
		9975E22B2B98648600FED600 /* LocationInfo.swift */ = {isa = PBXFileReference; lastKnownFileType = sourcecode.swift; path = LocationInfo.swift; sourceTree = "<group>"; };
		9975E22D2B986A2600FED600 /* WeatherRepositoryTests.swift */ = {isa = PBXFileReference; lastKnownFileType = sourcecode.swift; path = WeatherRepositoryTests.swift; sourceTree = "<group>"; };
		9975E22F2B986BF000FED600 /* APIRequestService.swift */ = {isa = PBXFileReference; lastKnownFileType = sourcecode.swift; path = APIRequestService.swift; sourceTree = "<group>"; };
		9975E2352B9884B600FED600 /* APIIntegrationTests.xctest */ = {isa = PBXFileReference; explicitFileType = wrapper.cfbundle; includeInIndex = 0; path = APIIntegrationTests.xctest; sourceTree = BUILT_PRODUCTS_DIR; };
		9975E2372B9884B600FED600 /* WeatherServiceIntegrationTest.swift */ = {isa = PBXFileReference; lastKnownFileType = sourcecode.swift; path = WeatherServiceIntegrationTest.swift; sourceTree = "<group>"; };
		9975E2412B9891EA00FED600 /* AppMainModule.swift */ = {isa = PBXFileReference; lastKnownFileType = sourcecode.swift; path = AppMainModule.swift; sourceTree = "<group>"; };
		9975E2432B98927800FED600 /* WeatherRepository.swift */ = {isa = PBXFileReference; lastKnownFileType = sourcecode.swift; path = WeatherRepository.swift; sourceTree = "<group>"; };
		9975E2452B98969200FED600 /* CoreTests.swift */ = {isa = PBXFileReference; lastKnownFileType = sourcecode.swift; path = CoreTests.swift; sourceTree = "<group>"; };
		9975E2472B98BE1400FED600 /* CityCell.swift */ = {isa = PBXFileReference; lastKnownFileType = sourcecode.swift; path = CityCell.swift; sourceTree = "<group>"; };
		9975E24B2B98DDE000FED600 /* WeatherServiceMock.swift */ = {isa = PBXFileReference; lastKnownFileType = sourcecode.swift; path = WeatherServiceMock.swift; sourceTree = "<group>"; };
		9975E24E2B99F1AC00FED600 /* DetailsCoordinator.swift */ = {isa = PBXFileReference; lastKnownFileType = sourcecode.swift; path = DetailsCoordinator.swift; sourceTree = "<group>"; };
		9975E2502B99F4C600FED600 /* DetailsViewController.swift */ = {isa = PBXFileReference; lastKnownFileType = sourcecode.swift; path = DetailsViewController.swift; sourceTree = "<group>"; };
		9975E2522B99F51200FED600 /* DetailsViewModel.swift */ = {isa = PBXFileReference; lastKnownFileType = sourcecode.swift; path = DetailsViewModel.swift; sourceTree = "<group>"; };
		9975E2542B9A078300FED600 /* SearchViewModelSpy.swift */ = {isa = PBXFileReference; lastKnownFileType = sourcecode.swift; path = SearchViewModelSpy.swift; sourceTree = "<group>"; };
		9975E2562B9A1B5200FED600 /* WeatherInfo.swift */ = {isa = PBXFileReference; lastKnownFileType = sourcecode.swift; path = WeatherInfo.swift; sourceTree = "<group>"; };
		9975E25A2B9A2A9100FED600 /* weather_info.json */ = {isa = PBXFileReference; lastKnownFileType = text.json; path = weather_info.json; sourceTree = "<group>"; };
		9975E25C2B9A316B00FED600 /* DetailsViewModelTests.swift */ = {isa = PBXFileReference; lastKnownFileType = sourcecode.swift; path = DetailsViewModelTests.swift; sourceTree = "<group>"; };
		9975E2602B9A3F6000FED600 /* DetailsViewModelSpy.swift */ = {isa = PBXFileReference; lastKnownFileType = sourcecode.swift; path = DetailsViewModelSpy.swift; sourceTree = "<group>"; };
		9975E2632B9B099300FED600 /* UIColor+intValue.swift */ = {isa = PBXFileReference; lastKnownFileType = sourcecode.swift; path = "UIColor+intValue.swift"; sourceTree = "<group>"; };
		9975E2662B9B17C000FED600 /* NoResultLabel.swift */ = {isa = PBXFileReference; lastKnownFileType = sourcecode.swift; path = NoResultLabel.swift; sourceTree = "<group>"; };
		9975E2682B9B1DA000FED600 /* Localizable.xcstrings */ = {isa = PBXFileReference; lastKnownFileType = text.json.xcstrings; path = Localizable.xcstrings; sourceTree = "<group>"; };
		9975E26A2B9B5DE100FED600 /* IconImageDownloader.swift */ = {isa = PBXFileReference; lastKnownFileType = sourcecode.swift; name = IconImageDownloader.swift; path = Pogodynka/API/Model/IconImageDownloader.swift; sourceTree = SOURCE_ROOT; };
		9975E26C2B9B6A1500FED600 /* IconImageDownloaderTests.swift */ = {isa = PBXFileReference; lastKnownFileType = sourcecode.swift; path = IconImageDownloaderTests.swift; sourceTree = "<group>"; };
		9975E26E2B9B851100FED600 /* SearchHistoryStorageTests.swift */ = {isa = PBXFileReference; lastKnownFileType = sourcecode.swift; path = SearchHistoryStorageTests.swift; sourceTree = "<group>"; };
		9975E2702B9B8C5E00FED600 /* SearchHistoryStorage.swift */ = {isa = PBXFileReference; lastKnownFileType = sourcecode.swift; path = SearchHistoryStorage.swift; sourceTree = "<group>"; };
		9975E2722B9EF3E900FED600 /* UserDefaultsStorageMock.swift */ = {isa = PBXFileReference; lastKnownFileType = sourcecode.swift; path = UserDefaultsStorageMock.swift; sourceTree = "<group>"; };
/* End PBXFileReference section */

/* Begin PBXFrameworksBuildPhase section */
		9975E1E02B9739FB00FED600 /* Frameworks */ = {
			isa = PBXFrameworksBuildPhase;
			buildActionMask = 2147483647;
			files = (
			);
			runOnlyForDeploymentPostprocessing = 0;
		};
		9975E1F62B9739FF00FED600 /* Frameworks */ = {
			isa = PBXFrameworksBuildPhase;
			buildActionMask = 2147483647;
			files = (
				9975E2282B97C50C00FED600 /* Nimble in Frameworks */,
			);
			runOnlyForDeploymentPostprocessing = 0;
		};
		9975E2322B9884B600FED600 /* Frameworks */ = {
			isa = PBXFrameworksBuildPhase;
			buildActionMask = 2147483647;
			files = (
				9975E2402B9884F400FED600 /* Nimble in Frameworks */,
			);
			runOnlyForDeploymentPostprocessing = 0;
		};
/* End PBXFrameworksBuildPhase section */

/* Begin PBXGroup section */
		9975E1DA2B9739FB00FED600 = {
			isa = PBXGroup;
			children = (
				9975E1E52B9739FB00FED600 /* Pogodynka */,
				9975E1FC2B9739FF00FED600 /* PogodynkaTests */,
				9975E2362B9884B600FED600 /* APIIntegrationTests */,
				9975E1E42B9739FB00FED600 /* Products */,
				9975E23E2B9884F400FED600 /* Frameworks */,
			);
			sourceTree = "<group>";
		};
		9975E1E42B9739FB00FED600 /* Products */ = {
			isa = PBXGroup;
			children = (
				9975E1E32B9739FB00FED600 /* Pogodynka.app */,
				9975E1F92B9739FF00FED600 /* PogodynkaTests.xctest */,
				9975E2352B9884B600FED600 /* APIIntegrationTests.xctest */,
			);
			name = Products;
			sourceTree = "<group>";
		};
		9975E1E52B9739FB00FED600 /* Pogodynka */ = {
			isa = PBXGroup;
			children = (
				9975E1E62B9739FB00FED600 /* AppDelegate.swift */,
				9975E1E82B9739FC00FED600 /* SceneDelegate.swift */,
				9975E2182B9740F600FED600 /* App */,
				9975E21C2B9770E500FED600 /* API */,
				9975E1EF2B9739FF00FED600 /* Assets.xcassets */,
				9975E2682B9B1DA000FED600 /* Localizable.xcstrings */,
				9975E1F12B9739FF00FED600 /* LaunchScreen.storyboard */,
				9975E1F42B9739FF00FED600 /* Info.plist */,
			);
			path = Pogodynka;
			sourceTree = "<group>";
		};
		9975E1FC2B9739FF00FED600 /* PogodynkaTests */ = {
			isa = PBXGroup;
			children = (
				9975E1FD2B9739FF00FED600 /* AppCoordinatorTests.swift */,
				9975E2242B97C3AF00FED600 /* SearchViewModelTest.swift */,
				9975E22D2B986A2600FED600 /* WeatherRepositoryTests.swift */,
				9975E24B2B98DDE000FED600 /* WeatherServiceMock.swift */,
				9975E25C2B9A316B00FED600 /* DetailsViewModelTests.swift */,
				9975E26C2B9B6A1500FED600 /* IconImageDownloaderTests.swift */,
				9975E26E2B9B851100FED600 /* SearchHistoryStorageTests.swift */,
				9975E2722B9EF3E900FED600 /* UserDefaultsStorageMock.swift */,
				9975E2542B9A078300FED600 /* SearchViewModelSpy.swift */,
				9975E2602B9A3F6000FED600 /* DetailsViewModelSpy.swift */,
				9975E2592B9A29C500FED600 /* CoreTests */,
			);
			path = PogodynkaTests;
			sourceTree = "<group>";
		};
		9975E2182B9740F600FED600 /* App */ = {
			isa = PBXGroup;
			children = (
				9975E2622B9B097A00FED600 /* extensions */,
				9975E2162B97406A00FED600 /* Coordinator.swift */,
				9975E2192B97417A00FED600 /* AppCoordinator.swift */,
				9975E2412B9891EA00FED600 /* AppMainModule.swift */,
				9975E24D2B99F17D00FED600 /* Weather Details */,
				9975E21B2B9770CF00FED600 /* Search */,
			);
			path = App;
			sourceTree = "<group>";
		};
		9975E21B2B9770CF00FED600 /* Search */ = {
			isa = PBXGroup;
			children = (
				9975E21E2B97714B00FED600 /* SearchCoordinator.swift */,
				9975E2202B9772C700FED600 /* SearchViewController.swift */,
				9975E2662B9B17C000FED600 /* NoResultLabel.swift */,
				9975E2472B98BE1400FED600 /* CityCell.swift */,
				9975E2222B97732800FED600 /* SearchViewModel.swift */,
				9975E2702B9B8C5E00FED600 /* SearchHistoryStorage.swift */,
			);
			path = Search;
			sourceTree = "<group>";
		};
		9975E21C2B9770E500FED600 /* API */ = {
			isa = PBXGroup;
			children = (
				9975E21D2B97711200FED600 /* Model */,
				9975E22F2B986BF000FED600 /* APIRequestService.swift */,
			);
			path = API;
			sourceTree = "<group>";
		};
		9975E21D2B97711200FED600 /* Model */ = {
			isa = PBXGroup;
			children = (
				9975E22B2B98648600FED600 /* LocationInfo.swift */,
				9975E2562B9A1B5200FED600 /* WeatherInfo.swift */,
				9975E2432B98927800FED600 /* WeatherRepository.swift */,
				9975E2292B98636500FED600 /* WeatherService.swift */,
				9975E26A2B9B5DE100FED600 /* IconImageDownloader.swift */,
			);
			path = Model;
			sourceTree = "<group>";
		};
		9975E2362B9884B600FED600 /* APIIntegrationTests */ = {
			isa = PBXGroup;
			children = (
				9975E2372B9884B600FED600 /* WeatherServiceIntegrationTest.swift */,
			);
			path = APIIntegrationTests;
			sourceTree = "<group>";
		};
		9975E23E2B9884F400FED600 /* Frameworks */ = {
			isa = PBXGroup;
			children = (
			);
			name = Frameworks;
			sourceTree = "<group>";
		};
		9975E24D2B99F17D00FED600 /* Weather Details */ = {
			isa = PBXGroup;
			children = (
				9975E24E2B99F1AC00FED600 /* DetailsCoordinator.swift */,
				9975E2502B99F4C600FED600 /* DetailsViewController.swift */,
				9975E2522B99F51200FED600 /* DetailsViewModel.swift */,
			);
			path = "Weather Details";
			sourceTree = "<group>";
		};
		9975E2592B9A29C500FED600 /* CoreTests */ = {
			isa = PBXGroup;
			children = (
				9975E2452B98969200FED600 /* CoreTests.swift */,
				9975E25A2B9A2A9100FED600 /* weather_info.json */,
			);
			path = CoreTests;
			sourceTree = "<group>";
		};
		9975E2622B9B097A00FED600 /* extensions */ = {
			isa = PBXGroup;
			children = (
				9975E2632B9B099300FED600 /* UIColor+intValue.swift */,
			);
			path = extensions;
			sourceTree = "<group>";
		};
/* End PBXGroup section */

/* Begin PBXNativeTarget section */
		9975E1E22B9739FB00FED600 /* Pogodynka */ = {
			isa = PBXNativeTarget;
			buildConfigurationList = 9975E20D2B9739FF00FED600 /* Build configuration list for PBXNativeTarget "Pogodynka" */;
			buildPhases = (
				9975E1DF2B9739FB00FED600 /* Sources */,
				9975E1E02B9739FB00FED600 /* Frameworks */,
				9975E1E12B9739FB00FED600 /* Resources */,
			);
			buildRules = (
			);
			dependencies = (
			);
			name = Pogodynka;
			productName = Pogodynka;
			productReference = 9975E1E32B9739FB00FED600 /* Pogodynka.app */;
			productType = "com.apple.product-type.application";
		};
		9975E1F82B9739FF00FED600 /* PogodynkaTests */ = {
			isa = PBXNativeTarget;
			buildConfigurationList = 9975E2102B9739FF00FED600 /* Build configuration list for PBXNativeTarget "PogodynkaTests" */;
			buildPhases = (
				9975E1F52B9739FF00FED600 /* Sources */,
				9975E1F62B9739FF00FED600 /* Frameworks */,
				9975E1F72B9739FF00FED600 /* Resources */,
			);
			buildRules = (
			);
			dependencies = (
				9975E1FB2B9739FF00FED600 /* PBXTargetDependency */,
			);
			name = PogodynkaTests;
			packageProductDependencies = (
				9975E2272B97C50C00FED600 /* Nimble */,
			);
			productName = PogodynkaTests;
			productReference = 9975E1F92B9739FF00FED600 /* PogodynkaTests.xctest */;
			productType = "com.apple.product-type.bundle.unit-test";
		};
		9975E2342B9884B600FED600 /* APIIntegrationTests */ = {
			isa = PBXNativeTarget;
			buildConfigurationList = 9975E23B2B9884B600FED600 /* Build configuration list for PBXNativeTarget "APIIntegrationTests" */;
			buildPhases = (
				9975E2312B9884B600FED600 /* Sources */,
				9975E2322B9884B600FED600 /* Frameworks */,
				9975E2332B9884B600FED600 /* Resources */,
			);
			buildRules = (
			);
			dependencies = (
				9975E23A2B9884B600FED600 /* PBXTargetDependency */,
			);
			name = APIIntegrationTests;
			packageProductDependencies = (
				9975E23F2B9884F400FED600 /* Nimble */,
			);
			productName = APIIntegrationTests;
			productReference = 9975E2352B9884B600FED600 /* APIIntegrationTests.xctest */;
			productType = "com.apple.product-type.bundle.unit-test";
		};
/* End PBXNativeTarget section */

/* Begin PBXProject section */
		9975E1DB2B9739FB00FED600 /* Project object */ = {
			isa = PBXProject;
			attributes = {
				BuildIndependentTargetsInParallel = 1;
				LastSwiftUpdateCheck = 1520;
				LastUpgradeCheck = 1520;
				TargetAttributes = {
					9975E1E22B9739FB00FED600 = {
						CreatedOnToolsVersion = 15.2;
					};
					9975E1F82B9739FF00FED600 = {
						CreatedOnToolsVersion = 15.2;
						TestTargetID = 9975E1E22B9739FB00FED600;
					};
					9975E2342B9884B600FED600 = {
						CreatedOnToolsVersion = 15.2;
						TestTargetID = 9975E1E22B9739FB00FED600;
					};
				};
			};
			buildConfigurationList = 9975E1DE2B9739FB00FED600 /* Build configuration list for PBXProject "Pogodynka" */;
			compatibilityVersion = "Xcode 14.0";
			developmentRegion = en;
			hasScannedForEncodings = 0;
			knownRegions = (
				en,
				Base,
				pl,
			);
			mainGroup = 9975E1DA2B9739FB00FED600;
			packageReferences = (
				9975E2262B97C50C00FED600 /* XCRemoteSwiftPackageReference "Nimble" */,
			);
			productRefGroup = 9975E1E42B9739FB00FED600 /* Products */;
			projectDirPath = "";
			projectRoot = "";
			targets = (
				9975E1E22B9739FB00FED600 /* Pogodynka */,
				9975E1F82B9739FF00FED600 /* PogodynkaTests */,
				9975E2342B9884B600FED600 /* APIIntegrationTests */,
			);
		};
/* End PBXProject section */

/* Begin PBXResourcesBuildPhase section */
		9975E1E12B9739FB00FED600 /* Resources */ = {
			isa = PBXResourcesBuildPhase;
			buildActionMask = 2147483647;
			files = (
				9975E1F32B9739FF00FED600 /* LaunchScreen.storyboard in Resources */,
				9975E1F02B9739FF00FED600 /* Assets.xcassets in Resources */,
				9975E2692B9B1DA000FED600 /* Localizable.xcstrings in Resources */,
			);
			runOnlyForDeploymentPostprocessing = 0;
		};
		9975E1F72B9739FF00FED600 /* Resources */ = {
			isa = PBXResourcesBuildPhase;
			buildActionMask = 2147483647;
			files = (
				9975E25B2B9A2A9100FED600 /* weather_info.json in Resources */,
			);
			runOnlyForDeploymentPostprocessing = 0;
		};
		9975E2332B9884B600FED600 /* Resources */ = {
			isa = PBXResourcesBuildPhase;
			buildActionMask = 2147483647;
			files = (
			);
			runOnlyForDeploymentPostprocessing = 0;
		};
/* End PBXResourcesBuildPhase section */

/* Begin PBXSourcesBuildPhase section */
		9975E1DF2B9739FB00FED600 /* Sources */ = {
			isa = PBXSourcesBuildPhase;
			buildActionMask = 2147483647;
			files = (
				9975E22A2B98636500FED600 /* WeatherService.swift in Sources */,
				9975E2212B9772C700FED600 /* SearchViewController.swift in Sources */,
				9975E2232B97732800FED600 /* SearchViewModel.swift in Sources */,
				9975E2642B9B099300FED600 /* UIColor+intValue.swift in Sources */,
				9975E2482B98BE1400FED600 /* CityCell.swift in Sources */,
				9975E2532B99F51200FED600 /* DetailsViewModel.swift in Sources */,
				9975E22C2B98648600FED600 /* LocationInfo.swift in Sources */,
				9975E2422B9891EA00FED600 /* AppMainModule.swift in Sources */,
				9975E2572B9A1B5200FED600 /* WeatherInfo.swift in Sources */,
				9975E2172B97406A00FED600 /* Coordinator.swift in Sources */,
				9975E2442B98927800FED600 /* WeatherRepository.swift in Sources */,
				9975E21F2B97714B00FED600 /* SearchCoordinator.swift in Sources */,
				9975E21A2B97417A00FED600 /* AppCoordinator.swift in Sources */,
				9975E1E72B9739FB00FED600 /* AppDelegate.swift in Sources */,
				9975E2672B9B17C000FED600 /* NoResultLabel.swift in Sources */,
				9975E26B2B9B5DE100FED600 /* IconImageDownloader.swift in Sources */,
				9975E2712B9B8C5E00FED600 /* SearchHistoryStorage.swift in Sources */,
				9975E24F2B99F1AC00FED600 /* DetailsCoordinator.swift in Sources */,
				9975E2302B986BF100FED600 /* APIRequestService.swift in Sources */,
				9975E1E92B9739FC00FED600 /* SceneDelegate.swift in Sources */,
				9975E2512B99F4C700FED600 /* DetailsViewController.swift in Sources */,
			);
			runOnlyForDeploymentPostprocessing = 0;
		};
		9975E1F52B9739FF00FED600 /* Sources */ = {
			isa = PBXSourcesBuildPhase;
			buildActionMask = 2147483647;
			files = (
				9975E2252B97C3AF00FED600 /* SearchViewModelTest.swift in Sources */,
				9975E2552B9A078300FED600 /* SearchViewModelSpy.swift in Sources */,
				9975E2612B9A3F6000FED600 /* DetailsViewModelSpy.swift in Sources */,
				9975E1FE2B9739FF00FED600 /* AppCoordinatorTests.swift in Sources */,
				9975E2732B9EF3E900FED600 /* UserDefaultsStorageMock.swift in Sources */,
				9975E26D2B9B6A1500FED600 /* IconImageDownloaderTests.swift in Sources */,
				9975E2462B98969200FED600 /* CoreTests.swift in Sources */,
				9975E26F2B9B851100FED600 /* SearchHistoryStorageTests.swift in Sources */,
				9975E25D2B9A316B00FED600 /* DetailsViewModelTests.swift in Sources */,
				9975E22E2B986A2600FED600 /* WeatherRepositoryTests.swift in Sources */,
				9975E24C2B98DDE000FED600 /* WeatherServiceMock.swift in Sources */,
			);
			runOnlyForDeploymentPostprocessing = 0;
		};
		9975E2312B9884B600FED600 /* Sources */ = {
			isa = PBXSourcesBuildPhase;
			buildActionMask = 2147483647;
			files = (
				9975E2582B9A21CB00FED600 /* CoreTests.swift in Sources */,
				9975E2382B9884B600FED600 /* WeatherServiceIntegrationTest.swift in Sources */,
			);
			runOnlyForDeploymentPostprocessing = 0;
		};
/* End PBXSourcesBuildPhase section */

/* Begin PBXTargetDependency section */
		9975E1FB2B9739FF00FED600 /* PBXTargetDependency */ = {
			isa = PBXTargetDependency;
			target = 9975E1E22B9739FB00FED600 /* Pogodynka */;
			targetProxy = 9975E1FA2B9739FF00FED600 /* PBXContainerItemProxy */;
		};
		9975E23A2B9884B600FED600 /* PBXTargetDependency */ = {
			isa = PBXTargetDependency;
			target = 9975E1E22B9739FB00FED600 /* Pogodynka */;
			targetProxy = 9975E2392B9884B600FED600 /* PBXContainerItemProxy */;
		};
/* End PBXTargetDependency section */

/* Begin PBXVariantGroup section */
		9975E1F12B9739FF00FED600 /* LaunchScreen.storyboard */ = {
			isa = PBXVariantGroup;
			children = (
				9975E1F22B9739FF00FED600 /* Base */,
			);
			name = LaunchScreen.storyboard;
			sourceTree = "<group>";
		};
/* End PBXVariantGroup section */

/* Begin XCBuildConfiguration section */
		9975E20B2B9739FF00FED600 /* Debug */ = {
			isa = XCBuildConfiguration;
			buildSettings = {
				ALWAYS_SEARCH_USER_PATHS = NO;
				ASSETCATALOG_COMPILER_GENERATE_SWIFT_ASSET_SYMBOL_EXTENSIONS = YES;
				CLANG_ANALYZER_NONNULL = YES;
				CLANG_ANALYZER_NUMBER_OBJECT_CONVERSION = YES_AGGRESSIVE;
				CLANG_CXX_LANGUAGE_STANDARD = "gnu++20";
				CLANG_ENABLE_MODULES = YES;
				CLANG_ENABLE_OBJC_ARC = YES;
				CLANG_ENABLE_OBJC_WEAK = YES;
				CLANG_WARN_BLOCK_CAPTURE_AUTORELEASING = YES;
				CLANG_WARN_BOOL_CONVERSION = YES;
				CLANG_WARN_COMMA = YES;
				CLANG_WARN_CONSTANT_CONVERSION = YES;
				CLANG_WARN_DEPRECATED_OBJC_IMPLEMENTATIONS = YES;
				CLANG_WARN_DIRECT_OBJC_ISA_USAGE = YES_ERROR;
				CLANG_WARN_DOCUMENTATION_COMMENTS = YES;
				CLANG_WARN_EMPTY_BODY = YES;
				CLANG_WARN_ENUM_CONVERSION = YES;
				CLANG_WARN_INFINITE_RECURSION = YES;
				CLANG_WARN_INT_CONVERSION = YES;
				CLANG_WARN_NON_LITERAL_NULL_CONVERSION = YES;
				CLANG_WARN_OBJC_IMPLICIT_RETAIN_SELF = YES;
				CLANG_WARN_OBJC_LITERAL_CONVERSION = YES;
				CLANG_WARN_OBJC_ROOT_CLASS = YES_ERROR;
				CLANG_WARN_QUOTED_INCLUDE_IN_FRAMEWORK_HEADER = YES;
				CLANG_WARN_RANGE_LOOP_ANALYSIS = YES;
				CLANG_WARN_STRICT_PROTOTYPES = YES;
				CLANG_WARN_SUSPICIOUS_MOVE = YES;
				CLANG_WARN_UNGUARDED_AVAILABILITY = YES_AGGRESSIVE;
				CLANG_WARN_UNREACHABLE_CODE = YES;
				CLANG_WARN__DUPLICATE_METHOD_MATCH = YES;
				COPY_PHASE_STRIP = NO;
				DEBUG_INFORMATION_FORMAT = dwarf;
				ENABLE_STRICT_OBJC_MSGSEND = YES;
				ENABLE_TESTABILITY = YES;
				ENABLE_USER_SCRIPT_SANDBOXING = YES;
				GCC_C_LANGUAGE_STANDARD = gnu17;
				GCC_DYNAMIC_NO_PIC = NO;
				GCC_NO_COMMON_BLOCKS = YES;
				GCC_OPTIMIZATION_LEVEL = 0;
				GCC_PREPROCESSOR_DEFINITIONS = (
					"DEBUG=1",
					"$(inherited)",
				);
				GCC_WARN_64_TO_32_BIT_CONVERSION = YES;
				GCC_WARN_ABOUT_RETURN_TYPE = YES_ERROR;
				GCC_WARN_UNDECLARED_SELECTOR = YES;
				GCC_WARN_UNINITIALIZED_AUTOS = YES_AGGRESSIVE;
				GCC_WARN_UNUSED_FUNCTION = YES;
				GCC_WARN_UNUSED_VARIABLE = YES;
				IPHONEOS_DEPLOYMENT_TARGET = 13.0;
				LOCALIZATION_PREFERS_STRING_CATALOGS = YES;
				MTL_ENABLE_DEBUG_INFO = INCLUDE_SOURCE;
				MTL_FAST_MATH = YES;
				ONLY_ACTIVE_ARCH = YES;
				SDKROOT = iphoneos;
				SWIFT_ACTIVE_COMPILATION_CONDITIONS = "DEBUG $(inherited)";
				SWIFT_OPTIMIZATION_LEVEL = "-Onone";
			};
			name = Debug;
		};
		9975E20C2B9739FF00FED600 /* Release */ = {
			isa = XCBuildConfiguration;
			buildSettings = {
				ALWAYS_SEARCH_USER_PATHS = NO;
				ASSETCATALOG_COMPILER_GENERATE_SWIFT_ASSET_SYMBOL_EXTENSIONS = YES;
				CLANG_ANALYZER_NONNULL = YES;
				CLANG_ANALYZER_NUMBER_OBJECT_CONVERSION = YES_AGGRESSIVE;
				CLANG_CXX_LANGUAGE_STANDARD = "gnu++20";
				CLANG_ENABLE_MODULES = YES;
				CLANG_ENABLE_OBJC_ARC = YES;
				CLANG_ENABLE_OBJC_WEAK = YES;
				CLANG_WARN_BLOCK_CAPTURE_AUTORELEASING = YES;
				CLANG_WARN_BOOL_CONVERSION = YES;
				CLANG_WARN_COMMA = YES;
				CLANG_WARN_CONSTANT_CONVERSION = YES;
				CLANG_WARN_DEPRECATED_OBJC_IMPLEMENTATIONS = YES;
				CLANG_WARN_DIRECT_OBJC_ISA_USAGE = YES_ERROR;
				CLANG_WARN_DOCUMENTATION_COMMENTS = YES;
				CLANG_WARN_EMPTY_BODY = YES;
				CLANG_WARN_ENUM_CONVERSION = YES;
				CLANG_WARN_INFINITE_RECURSION = YES;
				CLANG_WARN_INT_CONVERSION = YES;
				CLANG_WARN_NON_LITERAL_NULL_CONVERSION = YES;
				CLANG_WARN_OBJC_IMPLICIT_RETAIN_SELF = YES;
				CLANG_WARN_OBJC_LITERAL_CONVERSION = YES;
				CLANG_WARN_OBJC_ROOT_CLASS = YES_ERROR;
				CLANG_WARN_QUOTED_INCLUDE_IN_FRAMEWORK_HEADER = YES;
				CLANG_WARN_RANGE_LOOP_ANALYSIS = YES;
				CLANG_WARN_STRICT_PROTOTYPES = YES;
				CLANG_WARN_SUSPICIOUS_MOVE = YES;
				CLANG_WARN_UNGUARDED_AVAILABILITY = YES_AGGRESSIVE;
				CLANG_WARN_UNREACHABLE_CODE = YES;
				CLANG_WARN__DUPLICATE_METHOD_MATCH = YES;
				COPY_PHASE_STRIP = NO;
				DEBUG_INFORMATION_FORMAT = "dwarf-with-dsym";
				ENABLE_NS_ASSERTIONS = NO;
				ENABLE_STRICT_OBJC_MSGSEND = YES;
				ENABLE_USER_SCRIPT_SANDBOXING = YES;
				GCC_C_LANGUAGE_STANDARD = gnu17;
				GCC_NO_COMMON_BLOCKS = YES;
				GCC_WARN_64_TO_32_BIT_CONVERSION = YES;
				GCC_WARN_ABOUT_RETURN_TYPE = YES_ERROR;
				GCC_WARN_UNDECLARED_SELECTOR = YES;
				GCC_WARN_UNINITIALIZED_AUTOS = YES_AGGRESSIVE;
				GCC_WARN_UNUSED_FUNCTION = YES;
				GCC_WARN_UNUSED_VARIABLE = YES;
				IPHONEOS_DEPLOYMENT_TARGET = 13.0;
				LOCALIZATION_PREFERS_STRING_CATALOGS = YES;
				MTL_ENABLE_DEBUG_INFO = NO;
				MTL_FAST_MATH = YES;
				SDKROOT = iphoneos;
				SWIFT_COMPILATION_MODE = wholemodule;
				VALIDATE_PRODUCT = YES;
			};
			name = Release;
		};
		9975E20E2B9739FF00FED600 /* Debug */ = {
			isa = XCBuildConfiguration;
			buildSettings = {
				ASSETCATALOG_COMPILER_APPICON_NAME = AppIcon;
				ASSETCATALOG_COMPILER_GLOBAL_ACCENT_COLOR_NAME = AccentColor;
				CODE_SIGN_STYLE = Automatic;
				CURRENT_PROJECT_VERSION = 1;
				DEVELOPMENT_TEAM = Y4KBF2M4M7;
				GENERATE_INFOPLIST_FILE = YES;
				INFOPLIST_FILE = Pogodynka/Info.plist;
				INFOPLIST_KEY_UIApplicationSupportsIndirectInputEvents = YES;
				INFOPLIST_KEY_UILaunchStoryboardName = LaunchScreen;
				INFOPLIST_KEY_UISupportedInterfaceOrientations_iPad = "UIInterfaceOrientationPortrait UIInterfaceOrientationPortraitUpsideDown UIInterfaceOrientationLandscapeLeft UIInterfaceOrientationLandscapeRight";
				INFOPLIST_KEY_UISupportedInterfaceOrientations_iPhone = "UIInterfaceOrientationPortrait UIInterfaceOrientationLandscapeLeft UIInterfaceOrientationLandscapeRight";
				IPHONEOS_DEPLOYMENT_TARGET = 13.0;
				LD_RUNPATH_SEARCH_PATHS = (
					"$(inherited)",
					"@executable_path/Frameworks",
				);
				MARKETING_VERSION = 1.0;
				PRODUCT_BUNDLE_IDENTIFIER = com.nm2.rafi.forecast.Pogodynka;
				PRODUCT_NAME = "$(TARGET_NAME)";
				SWIFT_EMIT_LOC_STRINGS = YES;
				SWIFT_VERSION = 5.0;
				TARGETED_DEVICE_FAMILY = "1,2";
			};
			name = Debug;
		};
		9975E20F2B9739FF00FED600 /* Release */ = {
			isa = XCBuildConfiguration;
			buildSettings = {
				ASSETCATALOG_COMPILER_APPICON_NAME = AppIcon;
				ASSETCATALOG_COMPILER_GLOBAL_ACCENT_COLOR_NAME = AccentColor;
				CODE_SIGN_STYLE = Automatic;
				CURRENT_PROJECT_VERSION = 1;
				DEVELOPMENT_TEAM = Y4KBF2M4M7;
				GENERATE_INFOPLIST_FILE = YES;
				INFOPLIST_FILE = Pogodynka/Info.plist;
				INFOPLIST_KEY_UIApplicationSupportsIndirectInputEvents = YES;
				INFOPLIST_KEY_UILaunchStoryboardName = LaunchScreen;
				INFOPLIST_KEY_UISupportedInterfaceOrientations_iPad = "UIInterfaceOrientationPortrait UIInterfaceOrientationPortraitUpsideDown UIInterfaceOrientationLandscapeLeft UIInterfaceOrientationLandscapeRight";
				INFOPLIST_KEY_UISupportedInterfaceOrientations_iPhone = "UIInterfaceOrientationPortrait UIInterfaceOrientationLandscapeLeft UIInterfaceOrientationLandscapeRight";
				IPHONEOS_DEPLOYMENT_TARGET = 13.0;
				LD_RUNPATH_SEARCH_PATHS = (
					"$(inherited)",
					"@executable_path/Frameworks",
				);
				MARKETING_VERSION = 1.0;
				PRODUCT_BUNDLE_IDENTIFIER = com.nm2.rafi.forecast.Pogodynka;
				PRODUCT_NAME = "$(TARGET_NAME)";
				SWIFT_EMIT_LOC_STRINGS = YES;
				SWIFT_VERSION = 5.0;
				TARGETED_DEVICE_FAMILY = "1,2";
			};
			name = Release;
		};
		9975E2112B9739FF00FED600 /* Debug */ = {
			isa = XCBuildConfiguration;
			buildSettings = {
				ALWAYS_EMBED_SWIFT_STANDARD_LIBRARIES = YES;
				BUNDLE_LOADER = "$(TEST_HOST)";
				CODE_SIGN_STYLE = Automatic;
				CURRENT_PROJECT_VERSION = 1;
				DEVELOPMENT_TEAM = Y4KBF2M4M7;
				GENERATE_INFOPLIST_FILE = YES;
				IPHONEOS_DEPLOYMENT_TARGET = 13.0;
				MARKETING_VERSION = 1.0;
				PRODUCT_BUNDLE_IDENTIFIER = com.nm2.rafi.forecast.PogodynkaTests;
				PRODUCT_NAME = "$(TARGET_NAME)";
				SWIFT_EMIT_LOC_STRINGS = NO;
				SWIFT_VERSION = 5.0;
				TARGETED_DEVICE_FAMILY = "1,2";
				TEST_HOST = "$(BUILT_PRODUCTS_DIR)/Pogodynka.app/$(BUNDLE_EXECUTABLE_FOLDER_PATH)/Pogodynka";
			};
			name = Debug;
		};
		9975E2122B9739FF00FED600 /* Release */ = {
			isa = XCBuildConfiguration;
			buildSettings = {
				ALWAYS_EMBED_SWIFT_STANDARD_LIBRARIES = YES;
				BUNDLE_LOADER = "$(TEST_HOST)";
				CODE_SIGN_STYLE = Automatic;
				CURRENT_PROJECT_VERSION = 1;
				DEVELOPMENT_TEAM = Y4KBF2M4M7;
				GENERATE_INFOPLIST_FILE = YES;
				IPHONEOS_DEPLOYMENT_TARGET = 13.0;
				MARKETING_VERSION = 1.0;
				PRODUCT_BUNDLE_IDENTIFIER = com.nm2.rafi.forecast.PogodynkaTests;
				PRODUCT_NAME = "$(TARGET_NAME)";
				SWIFT_EMIT_LOC_STRINGS = NO;
				SWIFT_VERSION = 5.0;
				TARGETED_DEVICE_FAMILY = "1,2";
				TEST_HOST = "$(BUILT_PRODUCTS_DIR)/Pogodynka.app/$(BUNDLE_EXECUTABLE_FOLDER_PATH)/Pogodynka";
			};
			name = Release;
		};
		9975E23C2B9884B600FED600 /* Debug */ = {
			isa = XCBuildConfiguration;
			buildSettings = {
				BUNDLE_LOADER = "$(TEST_HOST)";
				CODE_SIGN_STYLE = Automatic;
				CURRENT_PROJECT_VERSION = 1;
				DEVELOPMENT_TEAM = Y4KBF2M4M7;
				GENERATE_INFOPLIST_FILE = YES;
				MARKETING_VERSION = 1.0;
				PRODUCT_BUNDLE_IDENTIFIER = com.nm2.rafi.forecast.APIIntegrationTests;
				PRODUCT_NAME = "$(TARGET_NAME)";
				SWIFT_EMIT_LOC_STRINGS = NO;
				SWIFT_VERSION = 5.0;
				TARGETED_DEVICE_FAMILY = "1,2";
				TEST_HOST = "$(BUILT_PRODUCTS_DIR)/Pogodynka.app/$(BUNDLE_EXECUTABLE_FOLDER_PATH)/Pogodynka";
			};
			name = Debug;
		};
		9975E23D2B9884B600FED600 /* Release */ = {
			isa = XCBuildConfiguration;
			buildSettings = {
				BUNDLE_LOADER = "$(TEST_HOST)";
				CODE_SIGN_STYLE = Automatic;
				CURRENT_PROJECT_VERSION = 1;
				DEVELOPMENT_TEAM = Y4KBF2M4M7;
				GENERATE_INFOPLIST_FILE = YES;
				MARKETING_VERSION = 1.0;
				PRODUCT_BUNDLE_IDENTIFIER = com.nm2.rafi.forecast.APIIntegrationTests;
				PRODUCT_NAME = "$(TARGET_NAME)";
				SWIFT_EMIT_LOC_STRINGS = NO;
				SWIFT_VERSION = 5.0;
				TARGETED_DEVICE_FAMILY = "1,2";
				TEST_HOST = "$(BUILT_PRODUCTS_DIR)/Pogodynka.app/$(BUNDLE_EXECUTABLE_FOLDER_PATH)/Pogodynka";
			};
			name = Release;
		};
/* End XCBuildConfiguration section */

/* Begin XCConfigurationList section */
		9975E1DE2B9739FB00FED600 /* Build configuration list for PBXProject "Pogodynka" */ = {
			isa = XCConfigurationList;
			buildConfigurations = (
				9975E20B2B9739FF00FED600 /* Debug */,
				9975E20C2B9739FF00FED600 /* Release */,
			);
			defaultConfigurationIsVisible = 0;
			defaultConfigurationName = Release;
		};
		9975E20D2B9739FF00FED600 /* Build configuration list for PBXNativeTarget "Pogodynka" */ = {
			isa = XCConfigurationList;
			buildConfigurations = (
				9975E20E2B9739FF00FED600 /* Debug */,
				9975E20F2B9739FF00FED600 /* Release */,
			);
			defaultConfigurationIsVisible = 0;
			defaultConfigurationName = Release;
		};
		9975E2102B9739FF00FED600 /* Build configuration list for PBXNativeTarget "PogodynkaTests" */ = {
			isa = XCConfigurationList;
			buildConfigurations = (
				9975E2112B9739FF00FED600 /* Debug */,
				9975E2122B9739FF00FED600 /* Release */,
			);
			defaultConfigurationIsVisible = 0;
			defaultConfigurationName = Release;
		};
		9975E23B2B9884B600FED600 /* Build configuration list for PBXNativeTarget "APIIntegrationTests" */ = {
			isa = XCConfigurationList;
			buildConfigurations = (
				9975E23C2B9884B600FED600 /* Debug */,
				9975E23D2B9884B600FED600 /* Release */,
			);
			defaultConfigurationIsVisible = 0;
			defaultConfigurationName = Release;
		};
/* End XCConfigurationList section */

/* Begin XCRemoteSwiftPackageReference section */
		9975E2262B97C50C00FED600 /* XCRemoteSwiftPackageReference "Nimble" */ = {
			isa = XCRemoteSwiftPackageReference;
			repositoryURL = "https://github.com/Quick/Nimble.git";
			requirement = {
				kind = upToNextMajorVersion;
				minimumVersion = 13.1.2;
			};
		};
/* End XCRemoteSwiftPackageReference section */

/* Begin XCSwiftPackageProductDependency section */
		9975E2272B97C50C00FED600 /* Nimble */ = {
			isa = XCSwiftPackageProductDependency;
			package = 9975E2262B97C50C00FED600 /* XCRemoteSwiftPackageReference "Nimble" */;
			productName = Nimble;
		};
		9975E23F2B9884F400FED600 /* Nimble */ = {
			isa = XCSwiftPackageProductDependency;
			package = 9975E2262B97C50C00FED600 /* XCRemoteSwiftPackageReference "Nimble" */;
			productName = Nimble;
		};
/* End XCSwiftPackageProductDependency section */
	};
	rootObject = 9975E1DB2B9739FB00FED600 /* Project object */;
}
